// !$*UTF8*$!
{
	archiveVersion = 1;
	classes = {
	};
	objectVersion = 77;
	objects = {

/* Begin PBXBuildFile section */
		053E78DB2DBE19AF0067D860 /* LocationPickerView.swift in Sources */ = {isa = PBXBuildFile; fileRef = 053E78DA2DBE19AF0067D860 /* LocationPickerView.swift */; };
		053E78DD2DBE19E50067D860 /* View+Extensions.swift in Sources */ = {isa = PBXBuildFile; fileRef = 053E78DC2DBE19E50067D860 /* View+Extensions.swift */; };
		05FC5D552DA99CC600684754 /* Preview Assets.xcassets in Resources */ = {isa = PBXBuildFile; fileRef = 05FC5D4E2DA99CC600684754 /* Preview Assets.xcassets */; };
		05FC5D562DA99CC600684754 /* Assets.xcassets in Resources */ = {isa = PBXBuildFile; fileRef = 05FC5D502DA99CC600684754 /* Assets.xcassets */; };
		05FC5D572DA99CC600684754 /* Annotations+Extensions.swift in Sources */ = {isa = PBXBuildFile; fileRef = 05FC5D4B2DA99CC600684754 /* Annotations+Extensions.swift */; };
		05FC5D582DA99CC600684754 /* CLLocationCoordinate2D .swift in Sources */ = {isa = PBXBuildFile; fileRef = 05FC5D4C2DA99CC600684754 /* CLLocationCoordinate2D .swift */; };
		05FC5D592DA99CC600684754 /* MainMapView.swift in Sources */ = {isa = PBXBuildFile; fileRef = 05FC5D512DA99CC600684754 /* MainMapView.swift */; };
		05FC5D5A2DA99CC600684754 /* MainViewModel.swift in Sources */ = {isa = PBXBuildFile; fileRef = 05FC5D522DA99CC600684754 /* MainViewModel.swift */; };
		05FC5D5B2DA99CC600684754 /* SwiftUIMapsApp.swift in Sources */ = {isa = PBXBuildFile; fileRef = 05FC5D532DA99CC600684754 /* SwiftUIMapsApp.swift */; };
		05FC5D5E2DA99CCA00684754 /* SwiftUIMapsTests.swift in Sources */ = {isa = PBXBuildFile; fileRef = 05FC5D5C2DA99CCA00684754 /* SwiftUIMapsTests.swift */; };
		05FC5D612DA99D9600684754 /* LocationManager.swift in Sources */ = {isa = PBXBuildFile; fileRef = 05FC5D602DA99D9600684754 /* LocationManager.swift */; };
		05FC5D662DAA547E00684754 /* TrackedUser.swift in Sources */ = {isa = PBXBuildFile; fileRef = 05FC5D652DAA547E00684754 /* TrackedUser.swift */; };
		05FC5D692DAA54B900684754 /* TrackedUserAnnotationView.swift in Sources */ = {isa = PBXBuildFile; fileRef = 05FC5D682DAA54B900684754 /* TrackedUserAnnotationView.swift */; };
		05FC5D6F2DAA602E00684754 /* ContentView.swift in Sources */ = {isa = PBXBuildFile; fileRef = 05FC5D6E2DAA602E00684754 /* ContentView.swift */; };
		2A86C5682E151B4000209986 /* File.swift in Sources */ = {isa = PBXBuildFile; fileRef = 2A86C5672E151B4000209986 /* File.swift */; };
/* End PBXBuildFile section */

/* Begin PBXContainerItemProxy section */
		05FC5D262DA99C2400684754 /* PBXContainerItemProxy */ = {
			isa = PBXContainerItemProxy;
			containerPortal = 05FC5D0D2DA99C2300684754 /* Project object */;
			proxyType = 1;
			remoteGlobalIDString = 05FC5D142DA99C2300684754;
			remoteInfo = SwiftUIMaps;
		};
/* End PBXContainerItemProxy section */

/* Begin PBXFileReference section */
		053E78DA2DBE19AF0067D860 /* LocationPickerView.swift */ = {isa = PBXFileReference; lastKnownFileType = sourcecode.swift; path = LocationPickerView.swift; sourceTree = "<group>"; };
		053E78DC2DBE19E50067D860 /* View+Extensions.swift */ = {isa = PBXFileReference; lastKnownFileType = sourcecode.swift; path = "View+Extensions.swift"; sourceTree = "<group>"; };
		05FC5D152DA99C2300684754 /* SwiftUIMaps.app */ = {isa = PBXFileReference; explicitFileType = wrapper.application; includeInIndex = 0; path = SwiftUIMaps.app; sourceTree = BUILT_PRODUCTS_DIR; };
		05FC5D252DA99C2400684754 /* SwiftUIMapsTests.xctest */ = {isa = PBXFileReference; explicitFileType = wrapper.cfbundle; includeInIndex = 0; path = SwiftUIMapsTests.xctest; sourceTree = BUILT_PRODUCTS_DIR; };
		05FC5D4B2DA99CC600684754 /* Annotations+Extensions.swift */ = {isa = PBXFileReference; lastKnownFileType = sourcecode.swift; path = "Annotations+Extensions.swift"; sourceTree = "<group>"; };
		05FC5D4C2DA99CC600684754 /* CLLocationCoordinate2D .swift */ = {isa = PBXFileReference; lastKnownFileType = sourcecode.swift; path = "CLLocationCoordinate2D .swift"; sourceTree = "<group>"; };
		05FC5D4E2DA99CC600684754 /* Preview Assets.xcassets */ = {isa = PBXFileReference; lastKnownFileType = folder.assetcatalog; path = "Preview Assets.xcassets"; sourceTree = "<group>"; };
		05FC5D502DA99CC600684754 /* Assets.xcassets */ = {isa = PBXFileReference; lastKnownFileType = folder.assetcatalog; path = Assets.xcassets; sourceTree = "<group>"; };
		05FC5D512DA99CC600684754 /* MainMapView.swift */ = {isa = PBXFileReference; lastKnownFileType = sourcecode.swift; path = MainMapView.swift; sourceTree = "<group>"; };
		05FC5D522DA99CC600684754 /* MainViewModel.swift */ = {isa = PBXFileReference; lastKnownFileType = sourcecode.swift; path = MainViewModel.swift; sourceTree = "<group>"; };
		05FC5D532DA99CC600684754 /* SwiftUIMapsApp.swift */ = {isa = PBXFileReference; lastKnownFileType = sourcecode.swift; path = SwiftUIMapsApp.swift; sourceTree = "<group>"; };
		05FC5D5C2DA99CCA00684754 /* SwiftUIMapsTests.swift */ = {isa = PBXFileReference; lastKnownFileType = sourcecode.swift; path = SwiftUIMapsTests.swift; sourceTree = "<group>"; };
		05FC5D602DA99D9600684754 /* LocationManager.swift */ = {isa = PBXFileReference; lastKnownFileType = sourcecode.swift; path = LocationManager.swift; sourceTree = "<group>"; };
		05FC5D652DAA547E00684754 /* TrackedUser.swift */ = {isa = PBXFileReference; lastKnownFileType = sourcecode.swift; path = TrackedUser.swift; sourceTree = "<group>"; };
		05FC5D682DAA54B900684754 /* TrackedUserAnnotationView.swift */ = {isa = PBXFileReference; lastKnownFileType = sourcecode.swift; path = TrackedUserAnnotationView.swift; sourceTree = "<group>"; };
		05FC5D6E2DAA602E00684754 /* ContentView.swift */ = {isa = PBXFileReference; lastKnownFileType = sourcecode.swift; path = ContentView.swift; sourceTree = "<group>"; };
		2A86C5672E151B4000209986 /* File.swift */ = {isa = PBXFileReference; lastKnownFileType = sourcecode.swift; path = File.swift; sourceTree = "<group>"; };
/* End PBXFileReference section */

/* Begin PBXFrameworksBuildPhase section */
		05FC5D122DA99C2300684754 /* Frameworks */ = {
			isa = PBXFrameworksBuildPhase;
			buildActionMask = 2147483647;
			files = (
			);
			runOnlyForDeploymentPostprocessing = 0;
		};
		05FC5D222DA99C2400684754 /* Frameworks */ = {
			isa = PBXFrameworksBuildPhase;
			buildActionMask = 2147483647;
			files = (
			);
			runOnlyForDeploymentPostprocessing = 0;
		};
/* End PBXFrameworksBuildPhase section */

/* Begin PBXGroup section */
		05FC5D0C2DA99C2300684754 = {
			isa = PBXGroup;
			children = (
				05FC5D542DA99CC600684754 /* SwiftUIMaps */,
				05FC5D5D2DA99CCA00684754 /* SwiftUIMapsTests */,
				05FC5D162DA99C2300684754 /* Products */,
			);
			sourceTree = "<group>";
		};
		05FC5D162DA99C2300684754 /* Products */ = {
			isa = PBXGroup;
			children = (
				05FC5D152DA99C2300684754 /* SwiftUIMaps.app */,
				05FC5D252DA99C2400684754 /* SwiftUIMapsTests.xctest */,
			);
			name = Products;
			sourceTree = "<group>";
		};
		05FC5D4D2DA99CC600684754 /* Extensions */ = {
			isa = PBXGroup;
			children = (
				05FC5D4B2DA99CC600684754 /* Annotations+Extensions.swift */,
				05FC5D4C2DA99CC600684754 /* CLLocationCoordinate2D .swift */,
				053E78DC2DBE19E50067D860 /* View+Extensions.swift */,
			);
			path = Extensions;
			sourceTree = "<group>";
		};
		05FC5D4F2DA99CC600684754 /* Preview Content */ = {
			isa = PBXGroup;
			children = (
				05FC5D4E2DA99CC600684754 /* Preview Assets.xcassets */,
			);
			path = "Preview Content";
			sourceTree = "<group>";
		};
		05FC5D542DA99CC600684754 /* SwiftUIMaps */ = {
			isa = PBXGroup;
			children = (
				05FC5D672DAA54AD00684754 /* View */,
				05FC5D642DAA546C00684754 /* Model */,
				05FC5D5F2DA99D8D00684754 /* Helper */,
				05FC5D4D2DA99CC600684754 /* Extensions */,
				05FC5D4F2DA99CC600684754 /* Preview Content */,
				05FC5D502DA99CC600684754 /* Assets.xcassets */,
				05FC5D512DA99CC600684754 /* MainMapView.swift */,
				05FC5D522DA99CC600684754 /* MainViewModel.swift */,
				05FC5D532DA99CC600684754 /* SwiftUIMapsApp.swift */,
				2A86C5672E151B4000209986 /* File.swift */,
			);
			path = SwiftUIMaps;
			sourceTree = "<group>";
		};
		05FC5D5D2DA99CCA00684754 /* SwiftUIMapsTests */ = {
			isa = PBXGroup;
			children = (
				05FC5D5C2DA99CCA00684754 /* SwiftUIMapsTests.swift */,
			);
			path = SwiftUIMapsTests;
			sourceTree = "<group>";
		};
		05FC5D5F2DA99D8D00684754 /* Helper */ = {
			isa = PBXGroup;
			children = (
				05FC5D602DA99D9600684754 /* LocationManager.swift */,
			);
			path = Helper;
			sourceTree = "<group>";
		};
		05FC5D642DAA546C00684754 /* Model */ = {
			isa = PBXGroup;
			children = (
				05FC5D652DAA547E00684754 /* TrackedUser.swift */,
			);
			path = Model;
			sourceTree = "<group>";
		};
		05FC5D672DAA54AD00684754 /* View */ = {
			isa = PBXGroup;
			children = (
				05FC5D682DAA54B900684754 /* TrackedUserAnnotationView.swift */,
				05FC5D6E2DAA602E00684754 /* ContentView.swift */,
				053E78DA2DBE19AF0067D860 /* LocationPickerView.swift */,
			);
			path = View;
			sourceTree = "<group>";
		};
/* End PBXGroup section */

/* Begin PBXNativeTarget section */
		05FC5D142DA99C2300684754 /* SwiftUIMaps */ = {
			isa = PBXNativeTarget;
			buildConfigurationList = 05FC5D392DA99C2400684754 /* Build configuration list for PBXNativeTarget "SwiftUIMaps" */;
			buildPhases = (
				05FC5D112DA99C2300684754 /* Sources */,
				05FC5D122DA99C2300684754 /* Frameworks */,
				05FC5D132DA99C2300684754 /* Resources */,
			);
			buildRules = (
			);
			dependencies = (
			);
			name = SwiftUIMaps;
			packageProductDependencies = (
			);
			productName = SwiftUIMaps;
			productReference = 05FC5D152DA99C2300684754 /* SwiftUIMaps.app */;
			productType = "com.apple.product-type.application";
		};
		05FC5D242DA99C2400684754 /* SwiftUIMapsTests */ = {
			isa = PBXNativeTarget;
			buildConfigurationList = 05FC5D3C2DA99C2400684754 /* Build configuration list for PBXNativeTarget "SwiftUIMapsTests" */;
			buildPhases = (
				05FC5D212DA99C2400684754 /* Sources */,
				05FC5D222DA99C2400684754 /* Frameworks */,
				05FC5D232DA99C2400684754 /* Resources */,
			);
			buildRules = (
			);
			dependencies = (
				05FC5D272DA99C2400684754 /* PBXTargetDependency */,
			);
			name = SwiftUIMapsTests;
			packageProductDependencies = (
			);
			productName = SwiftUIMapsTests;
			productReference = 05FC5D252DA99C2400684754 /* SwiftUIMapsTests.xctest */;
			productType = "com.apple.product-type.bundle.unit-test";
		};
/* End PBXNativeTarget section */

/* Begin PBXProject section */
		05FC5D0D2DA99C2300684754 /* Project object */ = {
			isa = PBXProject;
			attributes = {
				BuildIndependentTargetsInParallel = 1;
				LastSwiftUpdateCheck = 1620;
				LastUpgradeCheck = 1620;
				TargetAttributes = {
					05FC5D142DA99C2300684754 = {
						CreatedOnToolsVersion = 16.2;
					};
					05FC5D242DA99C2400684754 = {
						CreatedOnToolsVersion = 16.2;
						TestTargetID = 05FC5D142DA99C2300684754;
					};
				};
			};
			buildConfigurationList = 05FC5D102DA99C2300684754 /* Build configuration list for PBXProject "SwiftUIMaps" */;
			developmentRegion = en;
			hasScannedForEncodings = 0;
			knownRegions = (
				en,
				Base,
			);
			mainGroup = 05FC5D0C2DA99C2300684754;
			minimizedProjectReferenceProxies = 1;
			preferredProjectObjectVersion = 77;
			productRefGroup = 05FC5D162DA99C2300684754 /* Products */;
			projectDirPath = "";
			projectRoot = "";
			targets = (
				05FC5D142DA99C2300684754 /* SwiftUIMaps */,
				05FC5D242DA99C2400684754 /* SwiftUIMapsTests */,
			);
		};
/* End PBXProject section */

/* Begin PBXResourcesBuildPhase section */
		05FC5D132DA99C2300684754 /* Resources */ = {
			isa = PBXResourcesBuildPhase;
			buildActionMask = 2147483647;
			files = (
				05FC5D552DA99CC600684754 /* Preview Assets.xcassets in Resources */,
				05FC5D562DA99CC600684754 /* Assets.xcassets in Resources */,
			);
			runOnlyForDeploymentPostprocessing = 0;
		};
		05FC5D232DA99C2400684754 /* Resources */ = {
			isa = PBXResourcesBuildPhase;
			buildActionMask = 2147483647;
			files = (
			);
			runOnlyForDeploymentPostprocessing = 0;
		};
/* End PBXResourcesBuildPhase section */

/* Begin PBXSourcesBuildPhase section */
		05FC5D112DA99C2300684754 /* Sources */ = {
			isa = PBXSourcesBuildPhase;
			buildActionMask = 2147483647;
			files = (
				05FC5D572DA99CC600684754 /* Annotations+Extensions.swift in Sources */,
				2A86C5682E151B4000209986 /* File.swift in Sources */,
				053E78DB2DBE19AF0067D860 /* LocationPickerView.swift in Sources */,
				05FC5D6F2DAA602E00684754 /* ContentView.swift in Sources */,
				05FC5D662DAA547E00684754 /* TrackedUser.swift in Sources */,
				05FC5D582DA99CC600684754 /* CLLocationCoordinate2D .swift in Sources */,
				05FC5D692DAA54B900684754 /* TrackedUserAnnotationView.swift in Sources */,
				05FC5D612DA99D9600684754 /* LocationManager.swift in Sources */,
				05FC5D592DA99CC600684754 /* MainMapView.swift in Sources */,
				05FC5D5A2DA99CC600684754 /* MainViewModel.swift in Sources */,
				05FC5D5B2DA99CC600684754 /* SwiftUIMapsApp.swift in Sources */,
				053E78DD2DBE19E50067D860 /* View+Extensions.swift in Sources */,
			);
			runOnlyForDeploymentPostprocessing = 0;
		};
		05FC5D212DA99C2400684754 /* Sources */ = {
			isa = PBXSourcesBuildPhase;
			buildActionMask = 2147483647;
			files = (
				05FC5D5E2DA99CCA00684754 /* SwiftUIMapsTests.swift in Sources */,
			);
			runOnlyForDeploymentPostprocessing = 0;
		};
/* End PBXSourcesBuildPhase section */

/* Begin PBXTargetDependency section */
		05FC5D272DA99C2400684754 /* PBXTargetDependency */ = {
			isa = PBXTargetDependency;
			target = 05FC5D142DA99C2300684754 /* SwiftUIMaps */;
			targetProxy = 05FC5D262DA99C2400684754 /* PBXContainerItemProxy */;
		};
/* End PBXTargetDependency section */

/* Begin XCBuildConfiguration section */
		05FC5D372DA99C2400684754 /* Debug */ = {
			isa = XCBuildConfiguration;
			buildSettings = {
				ALWAYS_SEARCH_USER_PATHS = NO;
				ASSETCATALOG_COMPILER_GENERATE_SWIFT_ASSET_SYMBOL_EXTENSIONS = YES;
				CLANG_ANALYZER_NONNULL = YES;
				CLANG_ANALYZER_NUMBER_OBJECT_CONVERSION = YES_AGGRESSIVE;
				CLANG_CXX_LANGUAGE_STANDARD = "gnu++20";
				CLANG_ENABLE_MODULES = YES;
				CLANG_ENABLE_OBJC_ARC = YES;
				CLANG_ENABLE_OBJC_WEAK = YES;
				CLANG_WARN_BLOCK_CAPTURE_AUTORELEASING = YES;
				CLANG_WARN_BOOL_CONVERSION = YES;
				CLANG_WARN_COMMA = YES;
				CLANG_WARN_CONSTANT_CONVERSION = YES;
				CLANG_WARN_DEPRECATED_OBJC_IMPLEMENTATIONS = YES;
				CLANG_WARN_DIRECT_OBJC_ISA_USAGE = YES_ERROR;
				CLANG_WARN_DOCUMENTATION_COMMENTS = YES;
				CLANG_WARN_EMPTY_BODY = YES;
				CLANG_WARN_ENUM_CONVERSION = YES;
				CLANG_WARN_INFINITE_RECURSION = YES;
				CLANG_WARN_INT_CONVERSION = YES;
				CLANG_WARN_NON_LITERAL_NULL_CONVERSION = YES;
				CLANG_WARN_OBJC_IMPLICIT_RETAIN_SELF = YES;
				CLANG_WARN_OBJC_LITERAL_CONVERSION = YES;
				CLANG_WARN_OBJC_ROOT_CLASS = YES_ERROR;
				CLANG_WARN_QUOTED_INCLUDE_IN_FRAMEWORK_HEADER = YES;
				CLANG_WARN_RANGE_LOOP_ANALYSIS = YES;
				CLANG_WARN_STRICT_PROTOTYPES = YES;
				CLANG_WARN_SUSPICIOUS_MOVE = YES;
				CLANG_WARN_UNGUARDED_AVAILABILITY = YES_AGGRESSIVE;
				CLANG_WARN_UNREACHABLE_CODE = YES;
				CLANG_WARN__DUPLICATE_METHOD_MATCH = YES;
				COPY_PHASE_STRIP = NO;
				DEBUG_INFORMATION_FORMAT = dwarf;
				ENABLE_STRICT_OBJC_MSGSEND = YES;
				ENABLE_TESTABILITY = YES;
				ENABLE_USER_SCRIPT_SANDBOXING = YES;
				GCC_C_LANGUAGE_STANDARD = gnu17;
				GCC_DYNAMIC_NO_PIC = NO;
				GCC_NO_COMMON_BLOCKS = YES;
				GCC_OPTIMIZATION_LEVEL = 0;
				GCC_PREPROCESSOR_DEFINITIONS = (
					"DEBUG=1",
					"$(inherited)",
				);
				GCC_WARN_64_TO_32_BIT_CONVERSION = YES;
				GCC_WARN_ABOUT_RETURN_TYPE = YES_ERROR;
				GCC_WARN_UNDECLARED_SELECTOR = YES;
				GCC_WARN_UNINITIALIZED_AUTOS = YES_AGGRESSIVE;
				GCC_WARN_UNUSED_FUNCTION = YES;
				GCC_WARN_UNUSED_VARIABLE = YES;
				IPHONEOS_DEPLOYMENT_TARGET = 18.2;
				LOCALIZATION_PREFERS_STRING_CATALOGS = YES;
				MTL_ENABLE_DEBUG_INFO = INCLUDE_SOURCE;
				MTL_FAST_MATH = YES;
				ONLY_ACTIVE_ARCH = YES;
				SDKROOT = iphoneos;
				SWIFT_ACTIVE_COMPILATION_CONDITIONS = "DEBUG $(inherited)";
				SWIFT_OPTIMIZATION_LEVEL = "-Onone";
			};
			name = Debug;
		};
		05FC5D382DA99C2400684754 /* Release */ = {
			isa = XCBuildConfiguration;
			buildSettings = {
				ALWAYS_SEARCH_USER_PATHS = NO;
				ASSETCATALOG_COMPILER_GENERATE_SWIFT_ASSET_SYMBOL_EXTENSIONS = YES;
				CLANG_ANALYZER_NONNULL = YES;
				CLANG_ANALYZER_NUMBER_OBJECT_CONVERSION = YES_AGGRESSIVE;
				CLANG_CXX_LANGUAGE_STANDARD = "gnu++20";
				CLANG_ENABLE_MODULES = YES;
				CLANG_ENABLE_OBJC_ARC = YES;
				CLANG_ENABLE_OBJC_WEAK = YES;
				CLANG_WARN_BLOCK_CAPTURE_AUTORELEASING = YES;
				CLANG_WARN_BOOL_CONVERSION = YES;
				CLANG_WARN_COMMA = YES;
				CLANG_WARN_CONSTANT_CONVERSION = YES;
				CLANG_WARN_DEPRECATED_OBJC_IMPLEMENTATIONS = YES;
				CLANG_WARN_DIRECT_OBJC_ISA_USAGE = YES_ERROR;
				CLANG_WARN_DOCUMENTATION_COMMENTS = YES;
				CLANG_WARN_EMPTY_BODY = YES;
				CLANG_WARN_ENUM_CONVERSION = YES;
				CLANG_WARN_INFINITE_RECURSION = YES;
				CLANG_WARN_INT_CONVERSION = YES;
				CLANG_WARN_NON_LITERAL_NULL_CONVERSION = YES;
				CLANG_WARN_OBJC_IMPLICIT_RETAIN_SELF = YES;
				CLANG_WARN_OBJC_LITERAL_CONVERSION = YES;
				CLANG_WARN_OBJC_ROOT_CLASS = YES_ERROR;
				CLANG_WARN_QUOTED_INCLUDE_IN_FRAMEWORK_HEADER = YES;
				CLANG_WARN_RANGE_LOOP_ANALYSIS = YES;
				CLANG_WARN_STRICT_PROTOTYPES = YES;
				CLANG_WARN_SUSPICIOUS_MOVE = YES;
				CLANG_WARN_UNGUARDED_AVAILABILITY = YES_AGGRESSIVE;
				CLANG_WARN_UNREACHABLE_CODE = YES;
				CLANG_WARN__DUPLICATE_METHOD_MATCH = YES;
				COPY_PHASE_STRIP = NO;
				DEBUG_INFORMATION_FORMAT = "dwarf-with-dsym";
				ENABLE_NS_ASSERTIONS = NO;
				ENABLE_STRICT_OBJC_MSGSEND = YES;
				ENABLE_USER_SCRIPT_SANDBOXING = YES;
				GCC_C_LANGUAGE_STANDARD = gnu17;
				GCC_NO_COMMON_BLOCKS = YES;
				GCC_WARN_64_TO_32_BIT_CONVERSION = YES;
				GCC_WARN_ABOUT_RETURN_TYPE = YES_ERROR;
				GCC_WARN_UNDECLARED_SELECTOR = YES;
				GCC_WARN_UNINITIALIZED_AUTOS = YES_AGGRESSIVE;
				GCC_WARN_UNUSED_FUNCTION = YES;
				GCC_WARN_UNUSED_VARIABLE = YES;
				IPHONEOS_DEPLOYMENT_TARGET = 18.2;
				LOCALIZATION_PREFERS_STRING_CATALOGS = YES;
				MTL_ENABLE_DEBUG_INFO = NO;
				MTL_FAST_MATH = YES;
				SDKROOT = iphoneos;
				SWIFT_COMPILATION_MODE = wholemodule;
				VALIDATE_PRODUCT = YES;
			};
			name = Release;
		};
		05FC5D3A2DA99C2400684754 /* Debug */ = {
			isa = XCBuildConfiguration;
			buildSettings = {
				ASSETCATALOG_COMPILER_APPICON_NAME = AppIcon;
				ASSETCATALOG_COMPILER_GLOBAL_ACCENT_COLOR_NAME = AccentColor;
				CODE_SIGN_STYLE = Automatic;
				CURRENT_PROJECT_VERSION = 1;
				DEVELOPMENT_ASSET_PATHS = "\"SwiftUIMaps/Preview Content\"";
				DEVELOPMENT_TEAM = 4NR77LPFLG;
				ENABLE_PREVIEWS = YES;
				GENERATE_INFOPLIST_FILE = YES;
				INFOPLIST_KEY_NSLocationAlwaysAndWhenInUseUsageDescription = "We use your location even when the app is in the background to enhance the experience.";
				INFOPLIST_KEY_NSLocationWhenInUseUsageDescription = "This app requires your location to provide better services.";
				INFOPLIST_KEY_UIApplicationSceneManifest_Generation = YES;
				INFOPLIST_KEY_UIApplicationSupportsIndirectInputEvents = YES;
				INFOPLIST_KEY_UILaunchScreen_Generation = YES;
				INFOPLIST_KEY_UISupportedInterfaceOrientations_iPad = "UIInterfaceOrientationPortrait UIInterfaceOrientationPortraitUpsideDown UIInterfaceOrientationLandscapeLeft UIInterfaceOrientationLandscapeRight";
				INFOPLIST_KEY_UISupportedInterfaceOrientations_iPhone = "UIInterfaceOrientationPortrait UIInterfaceOrientationLandscapeLeft UIInterfaceOrientationLandscapeRight";
				IPHONEOS_DEPLOYMENT_TARGET = 18.0;
				LD_RUNPATH_SEARCH_PATHS = (
					"$(inherited)",
					"@executable_path/Frameworks",
				);
				MARKETING_VERSION = 1.0;
				PRODUCT_BUNDLE_IDENTIFIER = ibrahimMoGedmi.TestApp;
				PRODUCT_NAME = "$(TARGET_NAME)";
				SWIFT_EMIT_LOC_STRINGS = YES;
				SWIFT_VERSION = 5.0;
				TARGETED_DEVICE_FAMILY = "1,2";
			};
			name = Debug;
		};
		05FC5D3B2DA99C2400684754 /* Release */ = {
			isa = XCBuildConfiguration;
			buildSettings = {
				ASSETCATALOG_COMPILER_APPICON_NAME = AppIcon;
				ASSETCATALOG_COMPILER_GLOBAL_ACCENT_COLOR_NAME = AccentColor;
				CODE_SIGN_STYLE = Automatic;
				CURRENT_PROJECT_VERSION = 1;
				DEVELOPMENT_ASSET_PATHS = "\"SwiftUIMaps/Preview Content\"";
				DEVELOPMENT_TEAM = 4NR77LPFLG;
				ENABLE_PREVIEWS = YES;
				GENERATE_INFOPLIST_FILE = YES;
				INFOPLIST_KEY_NSLocationAlwaysAndWhenInUseUsageDescription = "We use your location even when the app is in the background to enhance the experience.";
				INFOPLIST_KEY_NSLocationWhenInUseUsageDescription = "This app requires your location to provide better services.";
				INFOPLIST_KEY_UIApplicationSceneManifest_Generation = YES;
				INFOPLIST_KEY_UIApplicationSupportsIndirectInputEvents = YES;
				INFOPLIST_KEY_UILaunchScreen_Generation = YES;
				INFOPLIST_KEY_UISupportedInterfaceOrientations_iPad = "UIInterfaceOrientationPortrait UIInterfaceOrientationPortraitUpsideDown UIInterfaceOrientationLandscapeLeft UIInterfaceOrientationLandscapeRight";
				INFOPLIST_KEY_UISupportedInterfaceOrientations_iPhone = "UIInterfaceOrientationPortrait UIInterfaceOrientationLandscapeLeft UIInterfaceOrientationLandscapeRight";
				IPHONEOS_DEPLOYMENT_TARGET = 18.0;
				LD_RUNPATH_SEARCH_PATHS = (
					"$(inherited)",
					"@executable_path/Frameworks",
				);
				MARKETING_VERSION = 1.0;
				PRODUCT_BUNDLE_IDENTIFIER = ibrahimMoGedmi.TestApp;
				PRODUCT_NAME = "$(TARGET_NAME)";
				SWIFT_EMIT_LOC_STRINGS = YES;
				SWIFT_VERSION = 5.0;
				TARGETED_DEVICE_FAMILY = "1,2";
			};
			name = Release;
		};
		05FC5D3D2DA99C2400684754 /* Debug */ = {
			isa = XCBuildConfiguration;
			buildSettings = {
				BUNDLE_LOADER = "$(TEST_HOST)";
				CODE_SIGN_STYLE = Automatic;
				CURRENT_PROJECT_VERSION = 1;
				DEVELOPMENT_TEAM = ST8356WU8B;
				GENERATE_INFOPLIST_FILE = YES;
				IPHONEOS_DEPLOYMENT_TARGET = 18.2;
				MARKETING_VERSION = 1.0;
				PRODUCT_BUNDLE_IDENTIFIER = IbrahimGedami.SwiftUIMapsTests;
				PRODUCT_NAME = "$(TARGET_NAME)";
				SWIFT_EMIT_LOC_STRINGS = NO;
				SWIFT_VERSION = 5.0;
				TARGETED_DEVICE_FAMILY = "1,2";
				TEST_HOST = "$(BUILT_PRODUCTS_DIR)/SwiftUIMaps.app/$(BUNDLE_EXECUTABLE_FOLDER_PATH)/SwiftUIMaps";
			};
			name = Debug;
		};
		05FC5D3E2DA99C2400684754 /* Release */ = {
			isa = XCBuildConfiguration;
			buildSettings = {
				BUNDLE_LOADER = "$(TEST_HOST)";
				CODE_SIGN_STYLE = Automatic;
				CURRENT_PROJECT_VERSION = 1;
				DEVELOPMENT_TEAM = ST8356WU8B;
				GENERATE_INFOPLIST_FILE = YES;
				IPHONEOS_DEPLOYMENT_TARGET = 18.2;
				MARKETING_VERSION = 1.0;
				PRODUCT_BUNDLE_IDENTIFIER = IbrahimGedami.SwiftUIMapsTests;
				PRODUCT_NAME = "$(TARGET_NAME)";
				SWIFT_EMIT_LOC_STRINGS = NO;
				SWIFT_VERSION = 5.0;
				TARGETED_DEVICE_FAMILY = "1,2";
				TEST_HOST = "$(BUILT_PRODUCTS_DIR)/SwiftUIMaps.app/$(BUNDLE_EXECUTABLE_FOLDER_PATH)/SwiftUIMaps";
			};
			name = Release;
		};
/* End XCBuildConfiguration section */

/* Begin XCConfigurationList section */
		05FC5D102DA99C2300684754 /* Build configuration list for PBXProject "SwiftUIMaps" */ = {
			isa = XCConfigurationList;
			buildConfigurations = (
				05FC5D372DA99C2400684754 /* Debug */,
				05FC5D382DA99C2400684754 /* Release */,
			);
			defaultConfigurationIsVisible = 0;
			defaultConfigurationName = Release;
		};
		05FC5D392DA99C2400684754 /* Build configuration list for PBXNativeTarget "SwiftUIMaps" */ = {
			isa = XCConfigurationList;
			buildConfigurations = (
				05FC5D3A2DA99C2400684754 /* Debug */,
				05FC5D3B2DA99C2400684754 /* Release */,
			);
			defaultConfigurationIsVisible = 0;
			defaultConfigurationName = Release;
		};
		05FC5D3C2DA99C2400684754 /* Build configuration list for PBXNativeTarget "SwiftUIMapsTests" */ = {
			isa = XCConfigurationList;
			buildConfigurations = (
				05FC5D3D2DA99C2400684754 /* Debug */,
				05FC5D3E2DA99C2400684754 /* Release */,
			);
			defaultConfigurationIsVisible = 0;
			defaultConfigurationName = Release;
		};
/* End XCConfigurationList section */
	};
	rootObject = 05FC5D0D2DA99C2300684754 /* Project object */;
}
